// !$*UTF8*$!
{
	archiveVersion = 1;
	classes = {
	};
	objectVersion = 51;
	objects = {

/* Begin PBXBuildFile section */
		0B45B1AC6D476F834E04E3DD /* Pods_HeadFirstDP_OC.framework in Frameworks */ = {isa = PBXBuildFile; fileRef = 1065DEBDEB1ABA113A6F9675 /* Pods_HeadFirstDP_OC.framework */; };
		B622A7D925B02BCD002E0DB7 /* AppDelegate.m in Sources */ = {isa = PBXBuildFile; fileRef = B622A7D825B02BCD002E0DB7 /* AppDelegate.m */; };
		B622A7DC25B02BCD002E0DB7 /* SceneDelegate.m in Sources */ = {isa = PBXBuildFile; fileRef = B622A7DB25B02BCD002E0DB7 /* SceneDelegate.m */; };
		B622A7DF25B02BCD002E0DB7 /* ViewController.m in Sources */ = {isa = PBXBuildFile; fileRef = B622A7DE25B02BCD002E0DB7 /* ViewController.m */; };
		B622A7E225B02BCD002E0DB7 /* Main.storyboard in Resources */ = {isa = PBXBuildFile; fileRef = B622A7E025B02BCD002E0DB7 /* Main.storyboard */; };
		B622A7E425B02BD0002E0DB7 /* Assets.xcassets in Resources */ = {isa = PBXBuildFile; fileRef = B622A7E325B02BD0002E0DB7 /* Assets.xcassets */; };
		B622A7E725B02BD0002E0DB7 /* LaunchScreen.storyboard in Resources */ = {isa = PBXBuildFile; fileRef = B622A7E525B02BD0002E0DB7 /* LaunchScreen.storyboard */; };
		B622A7EA25B02BD0002E0DB7 /* main.m in Sources */ = {isa = PBXBuildFile; fileRef = B622A7E925B02BD0002E0DB7 /* main.m */; };
		B622A7F525B02CA2002E0DB7 /* Duck.m in Sources */ = {isa = PBXBuildFile; fileRef = B622A7F425B02CA2002E0DB7 /* Duck.m */; };
		B622A7FF25B03CEE002E0DB7 /* CanFly.m in Sources */ = {isa = PBXBuildFile; fileRef = B622A7FE25B03CEE002E0DB7 /* CanFly.m */; };
		B622A80425B04244002E0DB7 /* NoFly.m in Sources */ = {isa = PBXBuildFile; fileRef = B622A80325B04244002E0DB7 /* NoFly.m */; };
		B622A80825B04281002E0DB7 /* Quack.m in Sources */ = {isa = PBXBuildFile; fileRef = B622A80725B04281002E0DB7 /* Quack.m */; };
		B622A80C25B042EC002E0DB7 /* Squeak.m in Sources */ = {isa = PBXBuildFile; fileRef = B622A80B25B042EC002E0DB7 /* Squeak.m */; };
		B622A81025B04330002E0DB7 /* Mute.m in Sources */ = {isa = PBXBuildFile; fileRef = B622A80F25B04330002E0DB7 /* Mute.m */; };
		B622A81925B04431002E0DB7 /* DuckA.m in Sources */ = {isa = PBXBuildFile; fileRef = B622A81825B04431002E0DB7 /* DuckA.m */; };
		B622A81D25B04455002E0DB7 /* DuckB.m in Sources */ = {isa = PBXBuildFile; fileRef = B622A81C25B04455002E0DB7 /* DuckB.m */; };
		B622A82125B0446D002E0DB7 /* DuckC.m in Sources */ = {isa = PBXBuildFile; fileRef = B622A82025B0446D002E0DB7 /* DuckC.m */; };
		B63B24D925B1904900F1C2C0 /* DesignPattern.m in Sources */ = {isa = PBXBuildFile; fileRef = B63B24D825B1904900F1C2C0 /* DesignPattern.m */; };
		B63B24DD25B1919100F1C2C0 /* StrategyViewController.m in Sources */ = {isa = PBXBuildFile; fileRef = B63B24DC25B1919100F1C2C0 /* StrategyViewController.m */; };
		B63B24E325B6A89900F1C2C0 /* Role.m in Sources */ = {isa = PBXBuildFile; fileRef = B63B24E225B6A89900F1C2C0 /* Role.m */; };
		B63B24E825B6AA7200F1C2C0 /* Weapon.m in Sources */ = {isa = PBXBuildFile; fileRef = B63B24E725B6AA7200F1C2C0 /* Weapon.m */; };
		B63B24EE25B6AE0E00F1C2C0 /* Skill.m in Sources */ = {isa = PBXBuildFile; fileRef = B63B24ED25B6AE0E00F1C2C0 /* Skill.m */; };
		B63B24F725B6BB4E00F1C2C0 /* Sword.m in Sources */ = {isa = PBXBuildFile; fileRef = B63B24F625B6BB4E00F1C2C0 /* Sword.m */; };
		B63B24FF25B6BC4400F1C2C0 /* Spear.m in Sources */ = {isa = PBXBuildFile; fileRef = B63B24FE25B6BC4400F1C2C0 /* Spear.m */; };
		B63B250325B6BCD000F1C2C0 /* Charge.m in Sources */ = {isa = PBXBuildFile; fileRef = B63B250225B6BCD000F1C2C0 /* Charge.m */; };
		B63B250825B6BD9800F1C2C0 /* Wand.m in Sources */ = {isa = PBXBuildFile; fileRef = B63B250725B6BD9800F1C2C0 /* Wand.m */; };
		B63B250C25B6BE6E00F1C2C0 /* FireBall.m in Sources */ = {isa = PBXBuildFile; fileRef = B63B250B25B6BE6E00F1C2C0 /* FireBall.m */; };
		B63B251025B6BEBD00F1C2C0 /* Smite.m in Sources */ = {isa = PBXBuildFile; fileRef = B63B250F25B6BEBD00F1C2C0 /* Smite.m */; };
		B6FDF20825B6BFC400EA5152 /* Warrior.m in Sources */ = {isa = PBXBuildFile; fileRef = B6FDF20725B6BFC400EA5152 /* Warrior.m */; };
		B6FDF20C25B6BFDC00EA5152 /* Knight.m in Sources */ = {isa = PBXBuildFile; fileRef = B6FDF20B25B6BFDC00EA5152 /* Knight.m */; };
		B6FDF21025B6C01400EA5152 /* Sorcerer.m in Sources */ = {isa = PBXBuildFile; fileRef = B6FDF20F25B6C01400EA5152 /* Sorcerer.m */; };
		B6FDF21525B7CEC900EA5152 /* EquipmentDecorator.m in Sources */ = {isa = PBXBuildFile; fileRef = B6FDF21425B7CEC900EA5152 /* EquipmentDecorator.m */; };
		B6FDF21925B7D26200EA5152 /* EquipmentArmor.m in Sources */ = {isa = PBXBuildFile; fileRef = B6FDF21825B7D26200EA5152 /* EquipmentArmor.m */; };
		B6FDF21D25B7D35500EA5152 /* EquipmentOffHand.m in Sources */ = {isa = PBXBuildFile; fileRef = B6FDF21C25B7D35500EA5152 /* EquipmentOffHand.m */; };
		B6FDF22125B7D3D200EA5152 /* EquipmentViewController.m in Sources */ = {isa = PBXBuildFile; fileRef = B6FDF22025B7D3D200EA5152 /* EquipmentViewController.m */; };
		B6FDF22625B8068000EA5152 /* FactoryViewController.m in Sources */ = {isa = PBXBuildFile; fileRef = B6FDF22525B8068000EA5152 /* FactoryViewController.m */; };
		B6FDF22B25B80A4900EA5152 /* WeaponShop.m in Sources */ = {isa = PBXBuildFile; fileRef = B6FDF22A25B80A4900EA5152 /* WeaponShop.m */; };
		B6FDF22F25B80CD800EA5152 /* WeaponRepairShop.m in Sources */ = {isa = PBXBuildFile; fileRef = B6FDF22E25B80CD800EA5152 /* WeaponRepairShop.m */; };
		B6FDF23325B80D2B00EA5152 /* WeaponFactory.m in Sources */ = {isa = PBXBuildFile; fileRef = B6FDF23225B80D2B00EA5152 /* WeaponFactory.m */; };
		B6FDF24325B94E5300EA5152 /* Master.m in Sources */ = {isa = PBXBuildFile; fileRef = B6FDF24225B94E5300EA5152 /* Master.m */; };
		B6FDF25325B9673500EA5152 /* JuniorMaster.m in Sources */ = {isa = PBXBuildFile; fileRef = B6FDF25225B9673500EA5152 /* JuniorMaster.m */; };
		B6FDF25725B9678300EA5152 /* SeniorMaster.m in Sources */ = {isa = PBXBuildFile; fileRef = B6FDF25625B9678300EA5152 /* SeniorMaster.m */; };
		B6FDF25C25B9737200EA5152 /* SkillFactory.m in Sources */ = {isa = PBXBuildFile; fileRef = B6FDF25B25B9737200EA5152 /* SkillFactory.m */; };
		B6FDF26125B973FD00EA5152 /* WarriorSkillFactory.m in Sources */ = {isa = PBXBuildFile; fileRef = B6FDF26025B973FD00EA5152 /* WarriorSkillFactory.m */; };
/* End PBXBuildFile section */

/* Begin PBXFileReference section */
		00B31395ECC73B5D579A6904 /* Pods-HeadFirstDP-OC.release.xcconfig */ = {isa = PBXFileReference; includeInIndex = 1; lastKnownFileType = text.xcconfig; name = "Pods-HeadFirstDP-OC.release.xcconfig"; path = "Target Support Files/Pods-HeadFirstDP-OC/Pods-HeadFirstDP-OC.release.xcconfig"; sourceTree = "<group>"; };
		04EDDA62E572248FA8FB2AB0 /* Pods-HeadFirstDP-OC.debug.xcconfig */ = {isa = PBXFileReference; includeInIndex = 1; lastKnownFileType = text.xcconfig; name = "Pods-HeadFirstDP-OC.debug.xcconfig"; path = "Target Support Files/Pods-HeadFirstDP-OC/Pods-HeadFirstDP-OC.debug.xcconfig"; sourceTree = "<group>"; };
		1065DEBDEB1ABA113A6F9675 /* Pods_HeadFirstDP_OC.framework */ = {isa = PBXFileReference; explicitFileType = wrapper.framework; includeInIndex = 0; path = Pods_HeadFirstDP_OC.framework; sourceTree = BUILT_PRODUCTS_DIR; };
		B622A7D425B02BCD002E0DB7 /* HeadFirstDP-OC.app */ = {isa = PBXFileReference; explicitFileType = wrapper.application; includeInIndex = 0; path = "HeadFirstDP-OC.app"; sourceTree = BUILT_PRODUCTS_DIR; };
		B622A7D725B02BCD002E0DB7 /* AppDelegate.h */ = {isa = PBXFileReference; lastKnownFileType = sourcecode.c.h; path = AppDelegate.h; sourceTree = "<group>"; };
		B622A7D825B02BCD002E0DB7 /* AppDelegate.m */ = {isa = PBXFileReference; lastKnownFileType = sourcecode.c.objc; path = AppDelegate.m; sourceTree = "<group>"; };
		B622A7DA25B02BCD002E0DB7 /* SceneDelegate.h */ = {isa = PBXFileReference; lastKnownFileType = sourcecode.c.h; path = SceneDelegate.h; sourceTree = "<group>"; };
		B622A7DB25B02BCD002E0DB7 /* SceneDelegate.m */ = {isa = PBXFileReference; lastKnownFileType = sourcecode.c.objc; path = SceneDelegate.m; sourceTree = "<group>"; };
		B622A7DD25B02BCD002E0DB7 /* ViewController.h */ = {isa = PBXFileReference; lastKnownFileType = sourcecode.c.h; path = ViewController.h; sourceTree = "<group>"; };
		B622A7DE25B02BCD002E0DB7 /* ViewController.m */ = {isa = PBXFileReference; lastKnownFileType = sourcecode.c.objc; path = ViewController.m; sourceTree = "<group>"; };
		B622A7E125B02BCD002E0DB7 /* Base */ = {isa = PBXFileReference; lastKnownFileType = file.storyboard; name = Base; path = Base.lproj/Main.storyboard; sourceTree = "<group>"; };
		B622A7E325B02BD0002E0DB7 /* Assets.xcassets */ = {isa = PBXFileReference; lastKnownFileType = folder.assetcatalog; path = Assets.xcassets; sourceTree = "<group>"; };
		B622A7E625B02BD0002E0DB7 /* Base */ = {isa = PBXFileReference; lastKnownFileType = file.storyboard; name = Base; path = Base.lproj/LaunchScreen.storyboard; sourceTree = "<group>"; };
		B622A7E825B02BD0002E0DB7 /* Info.plist */ = {isa = PBXFileReference; lastKnownFileType = text.plist.xml; path = Info.plist; sourceTree = "<group>"; };
		B622A7E925B02BD0002E0DB7 /* main.m */ = {isa = PBXFileReference; lastKnownFileType = sourcecode.c.objc; path = main.m; sourceTree = "<group>"; };
		B622A7F325B02CA2002E0DB7 /* Duck.h */ = {isa = PBXFileReference; lastKnownFileType = sourcecode.c.h; path = Duck.h; sourceTree = "<group>"; };
		B622A7F425B02CA2002E0DB7 /* Duck.m */ = {isa = PBXFileReference; lastKnownFileType = sourcecode.c.objc; path = Duck.m; sourceTree = "<group>"; };
		B622A7F825B032C9002E0DB7 /* QuackBehavior.h */ = {isa = PBXFileReference; lastKnownFileType = sourcecode.c.h; path = QuackBehavior.h; sourceTree = "<group>"; };
		B622A7F925B032F3002E0DB7 /* FlyBehavior.h */ = {isa = PBXFileReference; lastKnownFileType = sourcecode.c.h; path = FlyBehavior.h; sourceTree = "<group>"; };
		B622A7FD25B03CEE002E0DB7 /* CanFly.h */ = {isa = PBXFileReference; lastKnownFileType = sourcecode.c.h; path = CanFly.h; sourceTree = "<group>"; };
		B622A7FE25B03CEE002E0DB7 /* CanFly.m */ = {isa = PBXFileReference; lastKnownFileType = sourcecode.c.objc; path = CanFly.m; sourceTree = "<group>"; };
		B622A80225B04244002E0DB7 /* NoFly.h */ = {isa = PBXFileReference; lastKnownFileType = sourcecode.c.h; path = NoFly.h; sourceTree = "<group>"; };
		B622A80325B04244002E0DB7 /* NoFly.m */ = {isa = PBXFileReference; lastKnownFileType = sourcecode.c.objc; path = NoFly.m; sourceTree = "<group>"; };
		B622A80625B04281002E0DB7 /* Quack.h */ = {isa = PBXFileReference; lastKnownFileType = sourcecode.c.h; path = Quack.h; sourceTree = "<group>"; };
		B622A80725B04281002E0DB7 /* Quack.m */ = {isa = PBXFileReference; lastKnownFileType = sourcecode.c.objc; path = Quack.m; sourceTree = "<group>"; };
		B622A80A25B042EC002E0DB7 /* Squeak.h */ = {isa = PBXFileReference; lastKnownFileType = sourcecode.c.h; path = Squeak.h; sourceTree = "<group>"; };
		B622A80B25B042EC002E0DB7 /* Squeak.m */ = {isa = PBXFileReference; lastKnownFileType = sourcecode.c.objc; path = Squeak.m; sourceTree = "<group>"; };
		B622A80E25B04330002E0DB7 /* Mute.h */ = {isa = PBXFileReference; lastKnownFileType = sourcecode.c.h; path = Mute.h; sourceTree = "<group>"; };
		B622A80F25B04330002E0DB7 /* Mute.m */ = {isa = PBXFileReference; lastKnownFileType = sourcecode.c.objc; path = Mute.m; sourceTree = "<group>"; };
		B622A81725B04431002E0DB7 /* DuckA.h */ = {isa = PBXFileReference; lastKnownFileType = sourcecode.c.h; path = DuckA.h; sourceTree = "<group>"; };
		B622A81825B04431002E0DB7 /* DuckA.m */ = {isa = PBXFileReference; lastKnownFileType = sourcecode.c.objc; path = DuckA.m; sourceTree = "<group>"; };
		B622A81B25B04455002E0DB7 /* DuckB.h */ = {isa = PBXFileReference; lastKnownFileType = sourcecode.c.h; path = DuckB.h; sourceTree = "<group>"; };
		B622A81C25B04455002E0DB7 /* DuckB.m */ = {isa = PBXFileReference; lastKnownFileType = sourcecode.c.objc; path = DuckB.m; sourceTree = "<group>"; };
		B622A81F25B0446D002E0DB7 /* DuckC.h */ = {isa = PBXFileReference; lastKnownFileType = sourcecode.c.h; path = DuckC.h; sourceTree = "<group>"; };
		B622A82025B0446D002E0DB7 /* DuckC.m */ = {isa = PBXFileReference; lastKnownFileType = sourcecode.c.objc; path = DuckC.m; sourceTree = "<group>"; };
		B622A82C25B13993002E0DB7 /* PrefixHeader.pch */ = {isa = PBXFileReference; lastKnownFileType = sourcecode.c.h; path = PrefixHeader.pch; sourceTree = "<group>"; };
		B63B24D725B1904900F1C2C0 /* DesignPattern.h */ = {isa = PBXFileReference; lastKnownFileType = sourcecode.c.h; path = DesignPattern.h; sourceTree = "<group>"; };
		B63B24D825B1904900F1C2C0 /* DesignPattern.m */ = {isa = PBXFileReference; lastKnownFileType = sourcecode.c.objc; path = DesignPattern.m; sourceTree = "<group>"; };
		B63B24DB25B1919100F1C2C0 /* StrategyViewController.h */ = {isa = PBXFileReference; lastKnownFileType = sourcecode.c.h; path = StrategyViewController.h; sourceTree = "<group>"; };
		B63B24DC25B1919100F1C2C0 /* StrategyViewController.m */ = {isa = PBXFileReference; lastKnownFileType = sourcecode.c.objc; path = StrategyViewController.m; sourceTree = "<group>"; };
		B63B24E125B6A89900F1C2C0 /* Role.h */ = {isa = PBXFileReference; lastKnownFileType = sourcecode.c.h; path = Role.h; sourceTree = "<group>"; };
		B63B24E225B6A89900F1C2C0 /* Role.m */ = {isa = PBXFileReference; lastKnownFileType = sourcecode.c.objc; path = Role.m; sourceTree = "<group>"; };
		B63B24E625B6AA7200F1C2C0 /* Weapon.h */ = {isa = PBXFileReference; lastKnownFileType = sourcecode.c.h; path = Weapon.h; sourceTree = "<group>"; };
		B63B24E725B6AA7200F1C2C0 /* Weapon.m */ = {isa = PBXFileReference; lastKnownFileType = sourcecode.c.objc; path = Weapon.m; sourceTree = "<group>"; };
		B63B24EC25B6AE0E00F1C2C0 /* Skill.h */ = {isa = PBXFileReference; lastKnownFileType = sourcecode.c.h; path = Skill.h; sourceTree = "<group>"; };
		B63B24ED25B6AE0E00F1C2C0 /* Skill.m */ = {isa = PBXFileReference; lastKnownFileType = sourcecode.c.objc; path = Skill.m; sourceTree = "<group>"; };
		B63B24F525B6BB4E00F1C2C0 /* Sword.h */ = {isa = PBXFileReference; lastKnownFileType = sourcecode.c.h; path = Sword.h; sourceTree = "<group>"; };
		B63B24F625B6BB4E00F1C2C0 /* Sword.m */ = {isa = PBXFileReference; lastKnownFileType = sourcecode.c.objc; path = Sword.m; sourceTree = "<group>"; };
		B63B24FD25B6BC4400F1C2C0 /* Spear.h */ = {isa = PBXFileReference; lastKnownFileType = sourcecode.c.h; path = Spear.h; sourceTree = "<group>"; };
		B63B24FE25B6BC4400F1C2C0 /* Spear.m */ = {isa = PBXFileReference; lastKnownFileType = sourcecode.c.objc; path = Spear.m; sourceTree = "<group>"; };
		B63B250125B6BCD000F1C2C0 /* Charge.h */ = {isa = PBXFileReference; lastKnownFileType = sourcecode.c.h; path = Charge.h; sourceTree = "<group>"; };
		B63B250225B6BCD000F1C2C0 /* Charge.m */ = {isa = PBXFileReference; lastKnownFileType = sourcecode.c.objc; path = Charge.m; sourceTree = "<group>"; };
		B63B250625B6BD9800F1C2C0 /* Wand.h */ = {isa = PBXFileReference; lastKnownFileType = sourcecode.c.h; path = Wand.h; sourceTree = "<group>"; };
		B63B250725B6BD9800F1C2C0 /* Wand.m */ = {isa = PBXFileReference; lastKnownFileType = sourcecode.c.objc; path = Wand.m; sourceTree = "<group>"; };
		B63B250A25B6BE6E00F1C2C0 /* FireBall.h */ = {isa = PBXFileReference; lastKnownFileType = sourcecode.c.h; path = FireBall.h; sourceTree = "<group>"; };
		B63B250B25B6BE6E00F1C2C0 /* FireBall.m */ = {isa = PBXFileReference; lastKnownFileType = sourcecode.c.objc; path = FireBall.m; sourceTree = "<group>"; };
		B63B250E25B6BEBD00F1C2C0 /* Smite.h */ = {isa = PBXFileReference; lastKnownFileType = sourcecode.c.h; path = Smite.h; sourceTree = "<group>"; };
		B63B250F25B6BEBD00F1C2C0 /* Smite.m */ = {isa = PBXFileReference; lastKnownFileType = sourcecode.c.objc; path = Smite.m; sourceTree = "<group>"; };
		B6FDF20625B6BFC400EA5152 /* Warrior.h */ = {isa = PBXFileReference; lastKnownFileType = sourcecode.c.h; path = Warrior.h; sourceTree = "<group>"; };
		B6FDF20725B6BFC400EA5152 /* Warrior.m */ = {isa = PBXFileReference; lastKnownFileType = sourcecode.c.objc; path = Warrior.m; sourceTree = "<group>"; };
		B6FDF20A25B6BFDC00EA5152 /* Knight.h */ = {isa = PBXFileReference; lastKnownFileType = sourcecode.c.h; path = Knight.h; sourceTree = "<group>"; };
		B6FDF20B25B6BFDC00EA5152 /* Knight.m */ = {isa = PBXFileReference; lastKnownFileType = sourcecode.c.objc; path = Knight.m; sourceTree = "<group>"; };
		B6FDF20E25B6C01400EA5152 /* Sorcerer.h */ = {isa = PBXFileReference; lastKnownFileType = sourcecode.c.h; path = Sorcerer.h; sourceTree = "<group>"; };
		B6FDF20F25B6C01400EA5152 /* Sorcerer.m */ = {isa = PBXFileReference; lastKnownFileType = sourcecode.c.objc; path = Sorcerer.m; sourceTree = "<group>"; };
		B6FDF21325B7CEC900EA5152 /* EquipmentDecorator.h */ = {isa = PBXFileReference; lastKnownFileType = sourcecode.c.h; path = EquipmentDecorator.h; sourceTree = "<group>"; };
		B6FDF21425B7CEC900EA5152 /* EquipmentDecorator.m */ = {isa = PBXFileReference; lastKnownFileType = sourcecode.c.objc; path = EquipmentDecorator.m; sourceTree = "<group>"; };
		B6FDF21725B7D26200EA5152 /* EquipmentArmor.h */ = {isa = PBXFileReference; lastKnownFileType = sourcecode.c.h; path = EquipmentArmor.h; sourceTree = "<group>"; };
		B6FDF21825B7D26200EA5152 /* EquipmentArmor.m */ = {isa = PBXFileReference; lastKnownFileType = sourcecode.c.objc; path = EquipmentArmor.m; sourceTree = "<group>"; };
		B6FDF21B25B7D35500EA5152 /* EquipmentOffHand.h */ = {isa = PBXFileReference; lastKnownFileType = sourcecode.c.h; path = EquipmentOffHand.h; sourceTree = "<group>"; };
		B6FDF21C25B7D35500EA5152 /* EquipmentOffHand.m */ = {isa = PBXFileReference; lastKnownFileType = sourcecode.c.objc; path = EquipmentOffHand.m; sourceTree = "<group>"; };
		B6FDF21F25B7D3D200EA5152 /* EquipmentViewController.h */ = {isa = PBXFileReference; lastKnownFileType = sourcecode.c.h; path = EquipmentViewController.h; sourceTree = "<group>"; };
		B6FDF22025B7D3D200EA5152 /* EquipmentViewController.m */ = {isa = PBXFileReference; lastKnownFileType = sourcecode.c.objc; path = EquipmentViewController.m; sourceTree = "<group>"; };
		B6FDF22425B8068000EA5152 /* FactoryViewController.h */ = {isa = PBXFileReference; lastKnownFileType = sourcecode.c.h; path = FactoryViewController.h; sourceTree = "<group>"; };
		B6FDF22525B8068000EA5152 /* FactoryViewController.m */ = {isa = PBXFileReference; lastKnownFileType = sourcecode.c.objc; path = FactoryViewController.m; sourceTree = "<group>"; };
		B6FDF22925B80A4900EA5152 /* WeaponShop.h */ = {isa = PBXFileReference; lastKnownFileType = sourcecode.c.h; path = WeaponShop.h; sourceTree = "<group>"; };
		B6FDF22A25B80A4900EA5152 /* WeaponShop.m */ = {isa = PBXFileReference; lastKnownFileType = sourcecode.c.objc; path = WeaponShop.m; sourceTree = "<group>"; };
		B6FDF22D25B80CD800EA5152 /* WeaponRepairShop.h */ = {isa = PBXFileReference; lastKnownFileType = sourcecode.c.h; path = WeaponRepairShop.h; sourceTree = "<group>"; };
		B6FDF22E25B80CD800EA5152 /* WeaponRepairShop.m */ = {isa = PBXFileReference; lastKnownFileType = sourcecode.c.objc; path = WeaponRepairShop.m; sourceTree = "<group>"; };
		B6FDF23125B80D2B00EA5152 /* WeaponFactory.h */ = {isa = PBXFileReference; lastKnownFileType = sourcecode.c.h; path = WeaponFactory.h; sourceTree = "<group>"; };
		B6FDF23225B80D2B00EA5152 /* WeaponFactory.m */ = {isa = PBXFileReference; lastKnownFileType = sourcecode.c.objc; path = WeaponFactory.m; sourceTree = "<group>"; };
		B6FDF24125B94E5300EA5152 /* Master.h */ = {isa = PBXFileReference; lastKnownFileType = sourcecode.c.h; path = Master.h; sourceTree = "<group>"; };
		B6FDF24225B94E5300EA5152 /* Master.m */ = {isa = PBXFileReference; lastKnownFileType = sourcecode.c.objc; path = Master.m; sourceTree = "<group>"; };
		B6FDF24F25B95DC700EA5152 /* Career.h */ = {isa = PBXFileReference; lastKnownFileType = sourcecode.c.h; path = Career.h; sourceTree = "<group>"; };
		B6FDF25125B9673500EA5152 /* JuniorMaster.h */ = {isa = PBXFileReference; lastKnownFileType = sourcecode.c.h; path = JuniorMaster.h; sourceTree = "<group>"; };
		B6FDF25225B9673500EA5152 /* JuniorMaster.m */ = {isa = PBXFileReference; lastKnownFileType = sourcecode.c.objc; path = JuniorMaster.m; sourceTree = "<group>"; };
		B6FDF25525B9678300EA5152 /* SeniorMaster.h */ = {isa = PBXFileReference; lastKnownFileType = sourcecode.c.h; path = SeniorMaster.h; sourceTree = "<group>"; };
		B6FDF25625B9678300EA5152 /* SeniorMaster.m */ = {isa = PBXFileReference; lastKnownFileType = sourcecode.c.objc; path = SeniorMaster.m; sourceTree = "<group>"; };
		B6FDF25A25B9737200EA5152 /* SkillFactory.h */ = {isa = PBXFileReference; lastKnownFileType = sourcecode.c.h; path = SkillFactory.h; sourceTree = "<group>"; };
		B6FDF25B25B9737200EA5152 /* SkillFactory.m */ = {isa = PBXFileReference; lastKnownFileType = sourcecode.c.objc; path = SkillFactory.m; sourceTree = "<group>"; };
		B6FDF25F25B973FD00EA5152 /* WarriorSkillFactory.h */ = {isa = PBXFileReference; lastKnownFileType = sourcecode.c.h; path = WarriorSkillFactory.h; sourceTree = "<group>"; };
		B6FDF26025B973FD00EA5152 /* WarriorSkillFactory.m */ = {isa = PBXFileReference; lastKnownFileType = sourcecode.c.objc; path = WarriorSkillFactory.m; sourceTree = "<group>"; };
/* End PBXFileReference section */

/* Begin PBXFrameworksBuildPhase section */
		B622A7D125B02BCD002E0DB7 /* Frameworks */ = {
			isa = PBXFrameworksBuildPhase;
			buildActionMask = 2147483647;
			files = (
				0B45B1AC6D476F834E04E3DD /* Pods_HeadFirstDP_OC.framework in Frameworks */,
			);
			runOnlyForDeploymentPostprocessing = 0;
		};
/* End PBXFrameworksBuildPhase section */

/* Begin PBXGroup section */
		1B4CAA4E49BB46CE202A3627 /* Pods */ = {
			isa = PBXGroup;
			children = (
				04EDDA62E572248FA8FB2AB0 /* Pods-HeadFirstDP-OC.debug.xcconfig */,
				00B31395ECC73B5D579A6904 /* Pods-HeadFirstDP-OC.release.xcconfig */,
			);
			path = Pods;
			sourceTree = "<group>";
		};
		51019E76481C21248C8E0E5B /* Frameworks */ = {
			isa = PBXGroup;
			children = (
				1065DEBDEB1ABA113A6F9675 /* Pods_HeadFirstDP_OC.framework */,
			);
			name = Frameworks;
			sourceTree = "<group>";
		};
		B622A7CB25B02BCD002E0DB7 = {
			isa = PBXGroup;
			children = (
				B622A7D625B02BCD002E0DB7 /* HeadFirstDP-OC */,
				B622A7D525B02BCD002E0DB7 /* Products */,
				1B4CAA4E49BB46CE202A3627 /* Pods */,
				51019E76481C21248C8E0E5B /* Frameworks */,
			);
			sourceTree = "<group>";
		};
		B622A7D525B02BCD002E0DB7 /* Products */ = {
			isa = PBXGroup;
			children = (
				B622A7D425B02BCD002E0DB7 /* HeadFirstDP-OC.app */,
			);
			name = Products;
			sourceTree = "<group>";
		};
		B622A7D625B02BCD002E0DB7 /* HeadFirstDP-OC */ = {
			isa = PBXGroup;
			children = (
				B6FDF22325B8064E00EA5152 /* 工厂模式 */,
				B6FDF21225B7CDF800EA5152 /* 装饰器模式 */,
				B622A7F125B02C15002E0DB7 /* 策略模式 */,
				B622A7D725B02BCD002E0DB7 /* AppDelegate.h */,
				B622A7D825B02BCD002E0DB7 /* AppDelegate.m */,
				B622A7DA25B02BCD002E0DB7 /* SceneDelegate.h */,
				B622A7DB25B02BCD002E0DB7 /* SceneDelegate.m */,
				B622A7DD25B02BCD002E0DB7 /* ViewController.h */,
				B622A7DE25B02BCD002E0DB7 /* ViewController.m */,
				B63B24D725B1904900F1C2C0 /* DesignPattern.h */,
				B63B24D825B1904900F1C2C0 /* DesignPattern.m */,
				B622A7E025B02BCD002E0DB7 /* Main.storyboard */,
				B622A7E325B02BD0002E0DB7 /* Assets.xcassets */,
				B622A7E525B02BD0002E0DB7 /* LaunchScreen.storyboard */,
				B622A7E825B02BD0002E0DB7 /* Info.plist */,
				B622A7E925B02BD0002E0DB7 /* main.m */,
				B622A82C25B13993002E0DB7 /* PrefixHeader.pch */,
			);
			path = "HeadFirstDP-OC";
			sourceTree = "<group>";
		};
		B622A7F125B02C15002E0DB7 /* 策略模式 */ = {
			isa = PBXGroup;
			children = (
				B63B24DF25B194A600F1C2C0 /* RPG */,
				B622A7F225B02C1E002E0DB7 /* 鸭子 */,
				B63B24DB25B1919100F1C2C0 /* StrategyViewController.h */,
				B63B24DC25B1919100F1C2C0 /* StrategyViewController.m */,
			);
			path = "策略模式";
			sourceTree = "<group>";
		};
		B622A7F225B02C1E002E0DB7 /* 鸭子 */ = {
			isa = PBXGroup;
			children = (
				B622A7FC25B03C96002E0DB7 /* extension */,
				B622A7FA25B03446002E0DB7 /* Base */,
				B622A81725B04431002E0DB7 /* DuckA.h */,
				B622A81825B04431002E0DB7 /* DuckA.m */,
				B622A81B25B04455002E0DB7 /* DuckB.h */,
				B622A81C25B04455002E0DB7 /* DuckB.m */,
				B622A81F25B0446D002E0DB7 /* DuckC.h */,
				B622A82025B0446D002E0DB7 /* DuckC.m */,
			);
			path = "鸭子";
			sourceTree = "<group>";
		};
		B622A7FA25B03446002E0DB7 /* Base */ = {
			isa = PBXGroup;
			children = (
				B622A7F325B02CA2002E0DB7 /* Duck.h */,
				B622A7F425B02CA2002E0DB7 /* Duck.m */,
				B622A7F825B032C9002E0DB7 /* QuackBehavior.h */,
				B622A7F925B032F3002E0DB7 /* FlyBehavior.h */,
			);
			path = Base;
			sourceTree = "<group>";
		};
		B622A7FC25B03C96002E0DB7 /* extension */ = {
			isa = PBXGroup;
			children = (
				B622A7FD25B03CEE002E0DB7 /* CanFly.h */,
				B622A7FE25B03CEE002E0DB7 /* CanFly.m */,
				B622A80225B04244002E0DB7 /* NoFly.h */,
				B622A80325B04244002E0DB7 /* NoFly.m */,
				B622A80625B04281002E0DB7 /* Quack.h */,
				B622A80725B04281002E0DB7 /* Quack.m */,
				B622A80A25B042EC002E0DB7 /* Squeak.h */,
				B622A80B25B042EC002E0DB7 /* Squeak.m */,
				B622A80E25B04330002E0DB7 /* Mute.h */,
				B622A80F25B04330002E0DB7 /* Mute.m */,
			);
			path = extension;
			sourceTree = "<group>";
		};
		B63B24DF25B194A600F1C2C0 /* RPG */ = {
			isa = PBXGroup;
			children = (
				B63B24F225B6B13F00F1C2C0 /* Skill */,
				B63B24F025B6B0DA00F1C2C0 /* Weapon */,
				B63B24E025B1952000F1C2C0 /* Role */,
			);
			path = RPG;
			sourceTree = "<group>";
		};
		B63B24E025B1952000F1C2C0 /* Role */ = {
			isa = PBXGroup;
			children = (
				B63B24EB25B6AC4400F1C2C0 /* Base */,
				B6FDF20625B6BFC400EA5152 /* Warrior.h */,
				B6FDF20725B6BFC400EA5152 /* Warrior.m */,
				B6FDF20A25B6BFDC00EA5152 /* Knight.h */,
				B6FDF20B25B6BFDC00EA5152 /* Knight.m */,
				B6FDF20E25B6C01400EA5152 /* Sorcerer.h */,
				B6FDF20F25B6C01400EA5152 /* Sorcerer.m */,
				B6FDF24F25B95DC700EA5152 /* Career.h */,
			);
			path = Role;
			sourceTree = "<group>";
		};
		B63B24EB25B6AC4400F1C2C0 /* Base */ = {
			isa = PBXGroup;
			children = (
				B63B24E125B6A89900F1C2C0 /* Role.h */,
				B63B24E225B6A89900F1C2C0 /* Role.m */,
			);
			path = Base;
			sourceTree = "<group>";
		};
		B63B24F025B6B0DA00F1C2C0 /* Weapon */ = {
			isa = PBXGroup;
			children = (
				B63B24F125B6B12A00F1C2C0 /* Base */,
				B63B24F525B6BB4E00F1C2C0 /* Sword.h */,
				B63B24F625B6BB4E00F1C2C0 /* Sword.m */,
				B63B24FD25B6BC4400F1C2C0 /* Spear.h */,
				B63B24FE25B6BC4400F1C2C0 /* Spear.m */,
				B63B250625B6BD9800F1C2C0 /* Wand.h */,
				B63B250725B6BD9800F1C2C0 /* Wand.m */,
			);
			path = Weapon;
			sourceTree = "<group>";
		};
		B63B24F125B6B12A00F1C2C0 /* Base */ = {
			isa = PBXGroup;
			children = (
				B63B24E625B6AA7200F1C2C0 /* Weapon.h */,
				B63B24E725B6AA7200F1C2C0 /* Weapon.m */,
			);
			path = Base;
			sourceTree = "<group>";
		};
		B63B24F225B6B13F00F1C2C0 /* Skill */ = {
			isa = PBXGroup;
			children = (
				B63B24F325B6B14C00F1C2C0 /* Base */,
				B63B250125B6BCD000F1C2C0 /* Charge.h */,
				B63B250225B6BCD000F1C2C0 /* Charge.m */,
				B63B250A25B6BE6E00F1C2C0 /* FireBall.h */,
				B63B250B25B6BE6E00F1C2C0 /* FireBall.m */,
				B63B250E25B6BEBD00F1C2C0 /* Smite.h */,
				B63B250F25B6BEBD00F1C2C0 /* Smite.m */,
			);
			path = Skill;
			sourceTree = "<group>";
		};
		B63B24F325B6B14C00F1C2C0 /* Base */ = {
			isa = PBXGroup;
			children = (
				B63B24EC25B6AE0E00F1C2C0 /* Skill.h */,
				B63B24ED25B6AE0E00F1C2C0 /* Skill.m */,
			);
			path = Base;
			sourceTree = "<group>";
		};
		B6FDF21225B7CDF800EA5152 /* 装饰器模式 */ = {
			isa = PBXGroup;
			children = (
				B6FDF21325B7CEC900EA5152 /* EquipmentDecorator.h */,
				B6FDF21425B7CEC900EA5152 /* EquipmentDecorator.m */,
				B6FDF21725B7D26200EA5152 /* EquipmentArmor.h */,
				B6FDF21825B7D26200EA5152 /* EquipmentArmor.m */,
				B6FDF21B25B7D35500EA5152 /* EquipmentOffHand.h */,
				B6FDF21C25B7D35500EA5152 /* EquipmentOffHand.m */,
				B6FDF21F25B7D3D200EA5152 /* EquipmentViewController.h */,
				B6FDF22025B7D3D200EA5152 /* EquipmentViewController.m */,
			);
			path = "装饰器模式";
			sourceTree = "<group>";
		};
		B6FDF22325B8064E00EA5152 /* 工厂模式 */ = {
			isa = PBXGroup;
			children = (
				B6FDF25925B9730B00EA5152 /* 工厂模式 */,
				B6FDF24025B922FD00EA5152 /* 抽象工厂 */,
				B6FDF23F25B921C900EA5152 /* 简单工厂 */,
				B6FDF22425B8068000EA5152 /* FactoryViewController.h */,
				B6FDF22525B8068000EA5152 /* FactoryViewController.m */,
			);
			path = "工厂模式";
			sourceTree = "<group>";
		};
		B6FDF23F25B921C900EA5152 /* 简单工厂 */ = {
			isa = PBXGroup;
			children = (
				B6FDF22925B80A4900EA5152 /* WeaponShop.h */,
				B6FDF22A25B80A4900EA5152 /* WeaponShop.m */,
				B6FDF22D25B80CD800EA5152 /* WeaponRepairShop.h */,
				B6FDF22E25B80CD800EA5152 /* WeaponRepairShop.m */,
				B6FDF23125B80D2B00EA5152 /* WeaponFactory.h */,
				B6FDF23225B80D2B00EA5152 /* WeaponFactory.m */,
			);
			path = "简单工厂";
			sourceTree = "<group>";
		};
		B6FDF24025B922FD00EA5152 /* 抽象工厂 */ = {
			isa = PBXGroup;
			children = (
				B6FDF24125B94E5300EA5152 /* Master.h */,
				B6FDF24225B94E5300EA5152 /* Master.m */,
				B6FDF25125B9673500EA5152 /* JuniorMaster.h */,
				B6FDF25225B9673500EA5152 /* JuniorMaster.m */,
				B6FDF25525B9678300EA5152 /* SeniorMaster.h */,
				B6FDF25625B9678300EA5152 /* SeniorMaster.m */,
			);
			path = "抽象工厂";
			sourceTree = "<group>";
		};
		B6FDF25925B9730B00EA5152 /* 工厂模式 */ = {
			isa = PBXGroup;
			children = (
				B6FDF25A25B9737200EA5152 /* SkillFactory.h */,
				B6FDF25B25B9737200EA5152 /* SkillFactory.m */,
				B6FDF25F25B973FD00EA5152 /* WarriorSkillFactory.h */,
				B6FDF26025B973FD00EA5152 /* WarriorSkillFactory.m */,
			);
			path = "工厂模式";
			sourceTree = "<group>";
		};
/* End PBXGroup section */

/* Begin PBXNativeTarget section */
		B622A7D325B02BCD002E0DB7 /* HeadFirstDP-OC */ = {
			isa = PBXNativeTarget;
			buildConfigurationList = B622A7ED25B02BD0002E0DB7 /* Build configuration list for PBXNativeTarget "HeadFirstDP-OC" */;
			buildPhases = (
				A01F21B9175B1838F0FE187D /* [CP] Check Pods Manifest.lock */,
				B622A7D025B02BCD002E0DB7 /* Sources */,
				B622A7D125B02BCD002E0DB7 /* Frameworks */,
				B622A7D225B02BCD002E0DB7 /* Resources */,
				A4F6B812B31730D5E80787C4 /* [CP] Embed Pods Frameworks */,
			);
			buildRules = (
			);
			dependencies = (
			);
			name = "HeadFirstDP-OC";
			productName = "HeadFirstDP-OC";
			productReference = B622A7D425B02BCD002E0DB7 /* HeadFirstDP-OC.app */;
			productType = "com.apple.product-type.application";
		};
/* End PBXNativeTarget section */

/* Begin PBXProject section */
		B622A7CC25B02BCD002E0DB7 /* Project object */ = {
			isa = PBXProject;
			attributes = {
				LastUpgradeCheck = 1230;
				TargetAttributes = {
					B622A7D325B02BCD002E0DB7 = {
						CreatedOnToolsVersion = 12.3;
					};
				};
			};
			buildConfigurationList = B622A7CF25B02BCD002E0DB7 /* Build configuration list for PBXProject "HeadFirstDP-OC" */;
			compatibilityVersion = "Xcode 9.3";
			developmentRegion = en;
			hasScannedForEncodings = 0;
			knownRegions = (
				en,
				Base,
			);
			mainGroup = B622A7CB25B02BCD002E0DB7;
			productRefGroup = B622A7D525B02BCD002E0DB7 /* Products */;
			projectDirPath = "";
			projectRoot = "";
			targets = (
				B622A7D325B02BCD002E0DB7 /* HeadFirstDP-OC */,
			);
		};
/* End PBXProject section */

/* Begin PBXResourcesBuildPhase section */
		B622A7D225B02BCD002E0DB7 /* Resources */ = {
			isa = PBXResourcesBuildPhase;
			buildActionMask = 2147483647;
			files = (
				B622A7E725B02BD0002E0DB7 /* LaunchScreen.storyboard in Resources */,
				B622A7E425B02BD0002E0DB7 /* Assets.xcassets in Resources */,
				B622A7E225B02BCD002E0DB7 /* Main.storyboard in Resources */,
			);
			runOnlyForDeploymentPostprocessing = 0;
		};
/* End PBXResourcesBuildPhase section */

/* Begin PBXShellScriptBuildPhase section */
		A01F21B9175B1838F0FE187D /* [CP] Check Pods Manifest.lock */ = {
			isa = PBXShellScriptBuildPhase;
			buildActionMask = 2147483647;
			files = (
			);
			inputFileListPaths = (
			);
			inputPaths = (
				"${PODS_PODFILE_DIR_PATH}/Podfile.lock",
				"${PODS_ROOT}/Manifest.lock",
			);
			name = "[CP] Check Pods Manifest.lock";
			outputFileListPaths = (
			);
			outputPaths = (
				"$(DERIVED_FILE_DIR)/Pods-HeadFirstDP-OC-checkManifestLockResult.txt",
			);
			runOnlyForDeploymentPostprocessing = 0;
			shellPath = /bin/sh;
			shellScript = "diff \"${PODS_PODFILE_DIR_PATH}/Podfile.lock\" \"${PODS_ROOT}/Manifest.lock\" > /dev/null\nif [ $? != 0 ] ; then\n    # print error to STDERR\n    echo \"error: The sandbox is not in sync with the Podfile.lock. Run 'pod install' or update your CocoaPods installation.\" >&2\n    exit 1\nfi\n# This output is used by Xcode 'outputs' to avoid re-running this script phase.\necho \"SUCCESS\" > \"${SCRIPT_OUTPUT_FILE_0}\"\n";
			showEnvVarsInLog = 0;
		};
		A4F6B812B31730D5E80787C4 /* [CP] Embed Pods Frameworks */ = {
			isa = PBXShellScriptBuildPhase;
			buildActionMask = 2147483647;
			files = (
			);
			inputFileListPaths = (
				"${PODS_ROOT}/Target Support Files/Pods-HeadFirstDP-OC/Pods-HeadFirstDP-OC-frameworks-${CONFIGURATION}-input-files.xcfilelist",
			);
			name = "[CP] Embed Pods Frameworks";
			outputFileListPaths = (
				"${PODS_ROOT}/Target Support Files/Pods-HeadFirstDP-OC/Pods-HeadFirstDP-OC-frameworks-${CONFIGURATION}-output-files.xcfilelist",
			);
			runOnlyForDeploymentPostprocessing = 0;
			shellPath = /bin/sh;
			shellScript = "\"${PODS_ROOT}/Target Support Files/Pods-HeadFirstDP-OC/Pods-HeadFirstDP-OC-frameworks.sh\"\n";
			showEnvVarsInLog = 0;
		};
/* End PBXShellScriptBuildPhase section */

/* Begin PBXSourcesBuildPhase section */
		B622A7D025B02BCD002E0DB7 /* Sources */ = {
			isa = PBXSourcesBuildPhase;
			buildActionMask = 2147483647;
			files = (
				B622A81025B04330002E0DB7 /* Mute.m in Sources */,
				B622A7F525B02CA2002E0DB7 /* Duck.m in Sources */,
				B622A7DF25B02BCD002E0DB7 /* ViewController.m in Sources */,
				B6FDF21025B6C01400EA5152 /* Sorcerer.m in Sources */,
				B6FDF22F25B80CD800EA5152 /* WeaponRepairShop.m in Sources */,
				B63B250825B6BD9800F1C2C0 /* Wand.m in Sources */,
				B63B24E325B6A89900F1C2C0 /* Role.m in Sources */,
				B622A81D25B04455002E0DB7 /* DuckB.m in Sources */,
				B6FDF24325B94E5300EA5152 /* Master.m in Sources */,
				B6FDF20C25B6BFDC00EA5152 /* Knight.m in Sources */,
				B63B24D925B1904900F1C2C0 /* DesignPattern.m in Sources */,
				B6FDF22625B8068000EA5152 /* FactoryViewController.m in Sources */,
				B63B24DD25B1919100F1C2C0 /* StrategyViewController.m in Sources */,
				B63B24F725B6BB4E00F1C2C0 /* Sword.m in Sources */,
				B6FDF21D25B7D35500EA5152 /* EquipmentOffHand.m in Sources */,
				B6FDF25725B9678300EA5152 /* SeniorMaster.m in Sources */,
				B622A7D925B02BCD002E0DB7 /* AppDelegate.m in Sources */,
				B63B250325B6BCD000F1C2C0 /* Charge.m in Sources */,
				B63B24FF25B6BC4400F1C2C0 /* Spear.m in Sources */,
				B6FDF22B25B80A4900EA5152 /* WeaponShop.m in Sources */,
				B6FDF20825B6BFC400EA5152 /* Warrior.m in Sources */,
				B6FDF26125B973FD00EA5152 /* WarriorSkillFactory.m in Sources */,
				B63B251025B6BEBD00F1C2C0 /* Smite.m in Sources */,
				B6FDF22125B7D3D200EA5152 /* EquipmentViewController.m in Sources */,
				B6FDF23325B80D2B00EA5152 /* WeaponFactory.m in Sources */,
				B622A7EA25B02BD0002E0DB7 /* main.m in Sources */,
				B63B24EE25B6AE0E00F1C2C0 /* Skill.m in Sources */,
				B6FDF25325B9673500EA5152 /* JuniorMaster.m in Sources */,
				B6FDF21925B7D26200EA5152 /* EquipmentArmor.m in Sources */,
				B6FDF25C25B9737200EA5152 /* SkillFactory.m in Sources */,
				B622A80425B04244002E0DB7 /* NoFly.m in Sources */,
				B63B250C25B6BE6E00F1C2C0 /* FireBall.m in Sources */,
				B622A7FF25B03CEE002E0DB7 /* CanFly.m in Sources */,
				B622A7DC25B02BCD002E0DB7 /* SceneDelegate.m in Sources */,
				B6FDF21525B7CEC900EA5152 /* EquipmentDecorator.m in Sources */,
				B622A80C25B042EC002E0DB7 /* Squeak.m in Sources */,
				B63B24E825B6AA7200F1C2C0 /* Weapon.m in Sources */,
				B622A82125B0446D002E0DB7 /* DuckC.m in Sources */,
				B622A80825B04281002E0DB7 /* Quack.m in Sources */,
				B622A81925B04431002E0DB7 /* DuckA.m in Sources */,
			);
			runOnlyForDeploymentPostprocessing = 0;
		};
/* End PBXSourcesBuildPhase section */

/* Begin PBXVariantGroup section */
		B622A7E025B02BCD002E0DB7 /* Main.storyboard */ = {
			isa = PBXVariantGroup;
			children = (
				B622A7E125B02BCD002E0DB7 /* Base */,
			);
			name = Main.storyboard;
			sourceTree = "<group>";
		};
		B622A7E525B02BD0002E0DB7 /* LaunchScreen.storyboard */ = {
			isa = PBXVariantGroup;
			children = (
				B622A7E625B02BD0002E0DB7 /* Base */,
			);
			name = LaunchScreen.storyboard;
			sourceTree = "<group>";
		};
/* End PBXVariantGroup section */

/* Begin XCBuildConfiguration section */
		B622A7EB25B02BD0002E0DB7 /* Debug */ = {
			isa = XCBuildConfiguration;
			buildSettings = {
				ALWAYS_SEARCH_USER_PATHS = NO;
				CLANG_ANALYZER_NONNULL = YES;
				CLANG_ANALYZER_NUMBER_OBJECT_CONVERSION = YES_AGGRESSIVE;
				CLANG_CXX_LANGUAGE_STANDARD = "gnu++14";
				CLANG_CXX_LIBRARY = "libc++";
				CLANG_ENABLE_MODULES = YES;
				CLANG_ENABLE_OBJC_ARC = YES;
				CLANG_ENABLE_OBJC_WEAK = YES;
				CLANG_WARN_BLOCK_CAPTURE_AUTORELEASING = YES;
				CLANG_WARN_BOOL_CONVERSION = YES;
				CLANG_WARN_COMMA = YES;
				CLANG_WARN_CONSTANT_CONVERSION = YES;
				CLANG_WARN_DEPRECATED_OBJC_IMPLEMENTATIONS = YES;
				CLANG_WARN_DIRECT_OBJC_ISA_USAGE = YES_ERROR;
				CLANG_WARN_DOCUMENTATION_COMMENTS = YES;
				CLANG_WARN_EMPTY_BODY = YES;
				CLANG_WARN_ENUM_CONVERSION = YES;
				CLANG_WARN_INFINITE_RECURSION = YES;
				CLANG_WARN_INT_CONVERSION = YES;
				CLANG_WARN_NON_LITERAL_NULL_CONVERSION = YES;
				CLANG_WARN_OBJC_IMPLICIT_RETAIN_SELF = YES;
				CLANG_WARN_OBJC_LITERAL_CONVERSION = YES;
				CLANG_WARN_OBJC_ROOT_CLASS = YES_ERROR;
				CLANG_WARN_QUOTED_INCLUDE_IN_FRAMEWORK_HEADER = YES;
				CLANG_WARN_RANGE_LOOP_ANALYSIS = YES;
				CLANG_WARN_STRICT_PROTOTYPES = YES;
				CLANG_WARN_SUSPICIOUS_MOVE = YES;
				CLANG_WARN_UNGUARDED_AVAILABILITY = YES_AGGRESSIVE;
				CLANG_WARN_UNREACHABLE_CODE = YES;
				CLANG_WARN__DUPLICATE_METHOD_MATCH = YES;
				COPY_PHASE_STRIP = NO;
				DEBUG_INFORMATION_FORMAT = dwarf;
				ENABLE_STRICT_OBJC_MSGSEND = YES;
				ENABLE_TESTABILITY = YES;
				GCC_C_LANGUAGE_STANDARD = gnu11;
				GCC_DYNAMIC_NO_PIC = NO;
				GCC_NO_COMMON_BLOCKS = YES;
				GCC_OPTIMIZATION_LEVEL = 0;
				GCC_PREPROCESSOR_DEFINITIONS = (
					"DEBUG=1",
					"$(inherited)",
				);
				GCC_WARN_64_TO_32_BIT_CONVERSION = YES;
				GCC_WARN_ABOUT_RETURN_TYPE = YES_ERROR;
				GCC_WARN_UNDECLARED_SELECTOR = YES;
				GCC_WARN_UNINITIALIZED_AUTOS = YES_AGGRESSIVE;
				GCC_WARN_UNUSED_FUNCTION = YES;
				GCC_WARN_UNUSED_VARIABLE = YES;
				IPHONEOS_DEPLOYMENT_TARGET = 14.3;
				MTL_ENABLE_DEBUG_INFO = INCLUDE_SOURCE;
				MTL_FAST_MATH = YES;
				ONLY_ACTIVE_ARCH = YES;
				SDKROOT = iphoneos;
			};
			name = Debug;
		};
		B622A7EC25B02BD0002E0DB7 /* Release */ = {
			isa = XCBuildConfiguration;
			buildSettings = {
				ALWAYS_SEARCH_USER_PATHS = NO;
				CLANG_ANALYZER_NONNULL = YES;
				CLANG_ANALYZER_NUMBER_OBJECT_CONVERSION = YES_AGGRESSIVE;
				CLANG_CXX_LANGUAGE_STANDARD = "gnu++14";
				CLANG_CXX_LIBRARY = "libc++";
				CLANG_ENABLE_MODULES = YES;
				CLANG_ENABLE_OBJC_ARC = YES;
				CLANG_ENABLE_OBJC_WEAK = YES;
				CLANG_WARN_BLOCK_CAPTURE_AUTORELEASING = YES;
				CLANG_WARN_BOOL_CONVERSION = YES;
				CLANG_WARN_COMMA = YES;
				CLANG_WARN_CONSTANT_CONVERSION = YES;
				CLANG_WARN_DEPRECATED_OBJC_IMPLEMENTATIONS = YES;
				CLANG_WARN_DIRECT_OBJC_ISA_USAGE = YES_ERROR;
				CLANG_WARN_DOCUMENTATION_COMMENTS = YES;
				CLANG_WARN_EMPTY_BODY = YES;
				CLANG_WARN_ENUM_CONVERSION = YES;
				CLANG_WARN_INFINITE_RECURSION = YES;
				CLANG_WARN_INT_CONVERSION = YES;
				CLANG_WARN_NON_LITERAL_NULL_CONVERSION = YES;
				CLANG_WARN_OBJC_IMPLICIT_RETAIN_SELF = YES;
				CLANG_WARN_OBJC_LITERAL_CONVERSION = YES;
				CLANG_WARN_OBJC_ROOT_CLASS = YES_ERROR;
				CLANG_WARN_QUOTED_INCLUDE_IN_FRAMEWORK_HEADER = YES;
				CLANG_WARN_RANGE_LOOP_ANALYSIS = YES;
				CLANG_WARN_STRICT_PROTOTYPES = YES;
				CLANG_WARN_SUSPICIOUS_MOVE = YES;
				CLANG_WARN_UNGUARDED_AVAILABILITY = YES_AGGRESSIVE;
				CLANG_WARN_UNREACHABLE_CODE = YES;
				CLANG_WARN__DUPLICATE_METHOD_MATCH = YES;
				COPY_PHASE_STRIP = NO;
				DEBUG_INFORMATION_FORMAT = "dwarf-with-dsym";
				ENABLE_NS_ASSERTIONS = NO;
				ENABLE_STRICT_OBJC_MSGSEND = YES;
				GCC_C_LANGUAGE_STANDARD = gnu11;
				GCC_NO_COMMON_BLOCKS = YES;
				GCC_WARN_64_TO_32_BIT_CONVERSION = YES;
				GCC_WARN_ABOUT_RETURN_TYPE = YES_ERROR;
				GCC_WARN_UNDECLARED_SELECTOR = YES;
				GCC_WARN_UNINITIALIZED_AUTOS = YES_AGGRESSIVE;
				GCC_WARN_UNUSED_FUNCTION = YES;
				GCC_WARN_UNUSED_VARIABLE = YES;
				IPHONEOS_DEPLOYMENT_TARGET = 14.3;
				MTL_ENABLE_DEBUG_INFO = NO;
				MTL_FAST_MATH = YES;
				SDKROOT = iphoneos;
				VALIDATE_PRODUCT = YES;
			};
			name = Release;
		};
		B622A7EE25B02BD0002E0DB7 /* Debug */ = {
			isa = XCBuildConfiguration;
			baseConfigurationReference = 04EDDA62E572248FA8FB2AB0 /* Pods-HeadFirstDP-OC.debug.xcconfig */;
			buildSettings = {
				ASSETCATALOG_COMPILER_APPICON_NAME = AppIcon;
				ASSETCATALOG_COMPILER_GLOBAL_ACCENT_COLOR_NAME = AccentColor;
				CODE_SIGN_IDENTITY = "Apple Development";
				CODE_SIGN_STYLE = Automatic;
				DEVELOPMENT_TEAM = PFEVE4UYXY;
				GCC_PRECOMPILE_PREFIX_HEADER = YES;
				GCC_PREFIX_HEADER = "$(SRCROOT)/HeadFirstDP-OC/PrefixHeader.pch";
				INFOPLIST_FILE = "HeadFirstDP-OC/Info.plist";
				IPHONEOS_DEPLOYMENT_TARGET = 13.0;
				LD_RUNPATH_SEARCH_PATHS = (
					"$(inherited)",
					"@executable_path/Frameworks",
				);
				PRODUCT_BUNDLE_IDENTIFIER = "com.wei.HeadFirstDP-OC";
				PRODUCT_NAME = "$(TARGET_NAME)";
				PROVISIONING_PROFILE_SPECIFIER = "";
				TARGETED_DEVICE_FAMILY = "1,2";
			};
			name = Debug;
		};
		B622A7EF25B02BD0002E0DB7 /* Release */ = {
			isa = XCBuildConfiguration;
			baseConfigurationReference = 00B31395ECC73B5D579A6904 /* Pods-HeadFirstDP-OC.release.xcconfig */;
			buildSettings = {
				ASSETCATALOG_COMPILER_APPICON_NAME = AppIcon;
				ASSETCATALOG_COMPILER_GLOBAL_ACCENT_COLOR_NAME = AccentColor;
				CODE_SIGN_IDENTITY = "Apple Development";
				CODE_SIGN_STYLE = Automatic;
				DEVELOPMENT_TEAM = PFEVE4UYXY;
				GCC_PRECOMPILE_PREFIX_HEADER = YES;
				GCC_PREFIX_HEADER = "$(SRCROOT)/HeadFirstDP-OC/PrefixHeader.pch";
				INFOPLIST_FILE = "HeadFirstDP-OC/Info.plist";
				IPHONEOS_DEPLOYMENT_TARGET = 13.0;
				LD_RUNPATH_SEARCH_PATHS = (
					"$(inherited)",
					"@executable_path/Frameworks",
				);
				PRODUCT_BUNDLE_IDENTIFIER = "com.wei.HeadFirstDP-OC";
				PRODUCT_NAME = "$(TARGET_NAME)";
				PROVISIONING_PROFILE_SPECIFIER = "";
				TARGETED_DEVICE_FAMILY = "1,2";
			};
			name = Release;
		};
/* End XCBuildConfiguration section */

/* Begin XCConfigurationList section */
		B622A7CF25B02BCD002E0DB7 /* Build configuration list for PBXProject "HeadFirstDP-OC" */ = {
			isa = XCConfigurationList;
			buildConfigurations = (
				B622A7EB25B02BD0002E0DB7 /* Debug */,
				B622A7EC25B02BD0002E0DB7 /* Release */,
			);
			defaultConfigurationIsVisible = 0;
			defaultConfigurationName = Release;
		};
		B622A7ED25B02BD0002E0DB7 /* Build configuration list for PBXNativeTarget "HeadFirstDP-OC" */ = {
			isa = XCConfigurationList;
			buildConfigurations = (
				B622A7EE25B02BD0002E0DB7 /* Debug */,
				B622A7EF25B02BD0002E0DB7 /* Release */,
			);
			defaultConfigurationIsVisible = 0;
			defaultConfigurationName = Release;
		};
/* End XCConfigurationList section */
	};
	rootObject = B622A7CC25B02BCD002E0DB7 /* Project object */;
}
